
Microsoft Visual Studio Solution File, Format Version 12.00
# Visual Studio Version 17
VisualStudioVersion = 17.14.36301.6
MinimumVisualStudioVersion = 10.0.40219.1
Project("{FAE04EC0-301F-11D3-BF4B-00C04F79EFBC}") = "WebBanHangOnline", "WebBanHangOnline\WebBanHangOnline.csproj", "{F5A0638F-85F3-4F9F-A9A6-88309A25FF67}"
EndProject
Global
	GlobalSection(SolutionConfigurationPlatforms) = preSolution
		Debug|Any CPU = Debug|Any CPU
		Release|Any CPU = Release|Any CPU
	EndGlobalSection
	GlobalSection(ProjectConfigurationPlatforms) = postSolution
		{F5A0638F-85F3-4F9F-A9A6-88309A25FF67}.Debug|Any CPU.ActiveCfg = Debug|Any CPU
		{F5A0638F-85F3-4F9F-A9A6-88309A25FF67}.Debug|Any CPU.Build.0 = Debug|Any CPU
		{F5A0638F-85F3-4F9F-A9A6-88309A25FF67}.Release|Any CPU.ActiveCfg = Release|Any CPU
		{F5A0638F-85F3-4F9F-A9A6-88309A25FF67}.Release|Any CPU.Build.0 = Release|Any CPU
	EndGlobalSection
	GlobalSection(SolutionProperties) = preSolution
		HideSolutionNode = FALSE
	EndGlobalSection
	GlobalSection(ExtensibilityGlobals) = postSolution
		SolutionGuid = {EACE51E5-AF5C-41F5-ADC8-6D62F2CA57D6}
	EndGlobalSection
EndGlobal
